
Microsoft Visual Studio Solution File, Format Version 12.00
# Visual Studio 15
VisualStudioVersion = 15.0.27703.2047
MinimumVisualStudioVersion = 10.0.40219.1
Project("{FAE04EC0-301F-11D3-BF4B-00C04F79EFBC}") = "OracleContract", "OracleContract\OracleContract.csproj", "{BCFC29C5-8937-4AE5-B6AE-E9288815D546}"
EndProject
Global
	GlobalSection(SolutionConfigurationPlatforms) = preSolution
		Debug|Any CPU = Debug|Any CPU
		Release|Any CPU = Release|Any CPU
	EndGlobalSection
	GlobalSection(ProjectConfigurationPlatforms) = postSolution
		{BCFC29C5-8937-4AE5-B6AE-E9288815D546}.Debug|Any CPU.ActiveCfg = Debug|Any CPU
		{BCFC29C5-8937-4AE5-B6AE-E9288815D546}.Debug|Any CPU.Build.0 = Debug|Any CPU
		{BCFC29C5-8937-4AE5-B6AE-E9288815D546}.Release|Any CPU.ActiveCfg = Release|Any CPU
		{BCFC29C5-8937-4AE5-B6AE-E9288815D546}.Release|Any CPU.Build.0 = Release|Any CPU
	EndGlobalSection
	GlobalSection(SolutionProperties) = preSolution
		HideSolutionNode = FALSE
	EndGlobalSection
	GlobalSection(ExtensibilityGlobals) = postSolution
		SolutionGuid = {CAFB12E7-D36B-4A29-B147-F5D53CA37953}
	EndGlobalSection
EndGlobal
